
Microsoft Visual Studio Solution File, Format Version 12.00
# Visual Studio 2012
Project("{FAE04EC0-301F-11D3-BF4B-00C04F79EFBC}") = "ExpensesApp", "ExpensesApp\ExpensesApp.csproj", "{6437310E-5D60-4214-B504-AFCE7B6384B5}"
EndProject
Project("{FAE04EC0-301F-11D3-BF4B-00C04F79EFBC}") = "ExpensesApp.Tests", "ExpensesApp.Tests\ExpensesApp.Tests.csproj", "{1F4FCD33-1567-4ED1-A4C7-B5087E5790A4}"
EndProject
Global
	GlobalSection(SolutionConfigurationPlatforms) = preSolution
		Debug|Any CPU = Debug|Any CPU
		Release|Any CPU = Release|Any CPU
	EndGlobalSection
	GlobalSection(ProjectConfigurationPlatforms) = postSolution
		{6437310E-5D60-4214-B504-AFCE7B6384B5}.Debug|Any CPU.ActiveCfg = Debug|Any CPU
		{6437310E-5D60-4214-B504-AFCE7B6384B5}.Debug|Any CPU.Build.0 = Debug|Any CPU
		{6437310E-5D60-4214-B504-AFCE7B6384B5}.Release|Any CPU.ActiveCfg = Release|Any CPU
		{6437310E-5D60-4214-B504-AFCE7B6384B5}.Release|Any CPU.Build.0 = Release|Any CPU
		{1F4FCD33-1567-4ED1-A4C7-B5087E5790A4}.Debug|Any CPU.ActiveCfg = Debug|Any CPU
		{1F4FCD33-1567-4ED1-A4C7-B5087E5790A4}.Debug|Any CPU.Build.0 = Debug|Any CPU
		{1F4FCD33-1567-4ED1-A4C7-B5087E5790A4}.Release|Any CPU.ActiveCfg = Release|Any CPU
		{1F4FCD33-1567-4ED1-A4C7-B5087E5790A4}.Release|Any CPU.Build.0 = Release|Any CPU
	EndGlobalSection
	GlobalSection(SolutionProperties) = preSolution
		HideSolutionNode = FALSE
	EndGlobalSection
EndGlobal
